
Microsoft Visual Studio Solution File, Format Version 12.00
# Visual Studio Version 17
VisualStudioVersion = 17.3.32929.385
MinimumVisualStudioVersion = 10.0.40219.1
Project("{9A19103F-16F7-4668-BE54-9A1E7A4F7556}") = "University.WebAPI", "University.WebAPI\University.WebAPI.csproj", "{C7D18995-7B0E-4D60-AA8D-42BE904493E9}"
EndProject
Project("{9A19103F-16F7-4668-BE54-9A1E7A4F7556}") = "University.MVC", "University.MVC\University.MVC.csproj", "{43431BAC-DB1A-4C77-B33F-729092D7547A}"
EndProject
Project("{9A19103F-16F7-4668-BE54-9A1E7A4F7556}") = "University.Application", "University.Application\University.Application.csproj", "{9200D172-D978-43AF-BAE2-84E1ABE5AC0F}"
EndProject
Project("{FAE04EC0-301F-11D3-BF4B-00C04F79EFBC}") = "University.DAL", "University.DAL\University.DAL.csproj", "{5F8D135F-B946-4AFC-8EBB-F156BF584E87}"
EndProject
Global
	GlobalSection(SolutionConfigurationPlatforms) = preSolution
		Debug|Any CPU = Debug|Any CPU
		Release|Any CPU = Release|Any CPU
	EndGlobalSection
	GlobalSection(ProjectConfigurationPlatforms) = postSolution
		{C7D18995-7B0E-4D60-AA8D-42BE904493E9}.Debug|Any CPU.ActiveCfg = Debug|Any CPU
		{C7D18995-7B0E-4D60-AA8D-42BE904493E9}.Debug|Any CPU.Build.0 = Debug|Any CPU
		{C7D18995-7B0E-4D60-AA8D-42BE904493E9}.Release|Any CPU.ActiveCfg = Release|Any CPU
		{C7D18995-7B0E-4D60-AA8D-42BE904493E9}.Release|Any CPU.Build.0 = Release|Any CPU
		{43431BAC-DB1A-4C77-B33F-729092D7547A}.Debug|Any CPU.ActiveCfg = Debug|Any CPU
		{43431BAC-DB1A-4C77-B33F-729092D7547A}.Debug|Any CPU.Build.0 = Debug|Any CPU
		{43431BAC-DB1A-4C77-B33F-729092D7547A}.Release|Any CPU.ActiveCfg = Release|Any CPU
		{43431BAC-DB1A-4C77-B33F-729092D7547A}.Release|Any CPU.Build.0 = Release|Any CPU
		{9200D172-D978-43AF-BAE2-84E1ABE5AC0F}.Debug|Any CPU.ActiveCfg = Debug|Any CPU
		{9200D172-D978-43AF-BAE2-84E1ABE5AC0F}.Debug|Any CPU.Build.0 = Debug|Any CPU
		{9200D172-D978-43AF-BAE2-84E1ABE5AC0F}.Release|Any CPU.ActiveCfg = Release|Any CPU
		{9200D172-D978-43AF-BAE2-84E1ABE5AC0F}.Release|Any CPU.Build.0 = Release|Any CPU
		{5F8D135F-B946-4AFC-8EBB-F156BF584E87}.Debug|Any CPU.ActiveCfg = Debug|Any CPU
		{5F8D135F-B946-4AFC-8EBB-F156BF584E87}.Debug|Any CPU.Build.0 = Debug|Any CPU
		{5F8D135F-B946-4AFC-8EBB-F156BF584E87}.Release|Any CPU.ActiveCfg = Release|Any CPU
		{5F8D135F-B946-4AFC-8EBB-F156BF584E87}.Release|Any CPU.Build.0 = Release|Any CPU
	EndGlobalSection
	GlobalSection(SolutionProperties) = preSolution
		HideSolutionNode = FALSE
	EndGlobalSection
	GlobalSection(ExtensibilityGlobals) = postSolution
		SolutionGuid = {C03E8B5A-7F4A-4C17-A48E-DE30FB199DF4}
	EndGlobalSection
EndGlobal
