
Microsoft Visual Studio Solution File, Format Version 12.00
# Visual Studio Version 17
VisualStudioVersion = 17.3.32929.385
MinimumVisualStudioVersion = 10.0.40219.1
Project("{9A19103F-16F7-4668-BE54-9A1E7A4F7556}") = "University.WebAPI", "University.WebAPI\University.WebAPI.csproj", "{C7D18995-7B0E-4D60-AA8D-42BE904493E9}"
EndProject
Project("{9A19103F-16F7-4668-BE54-9A1E7A4F7556}") = "PIS.DAL", "PIS.DAL\PIS.DAL.csproj", "{13E0A5C8-6284-4BD0-8B76-6721CA932EDC}"
EndProject
Global
	GlobalSection(SolutionConfigurationPlatforms) = preSolution
		Debug|Any CPU = Debug|Any CPU
		Release|Any CPU = Release|Any CPU
	EndGlobalSection
	GlobalSection(ProjectConfigurationPlatforms) = postSolution
		{C7D18995-7B0E-4D60-AA8D-42BE904493E9}.Debug|Any CPU.ActiveCfg = Debug|Any CPU
		{C7D18995-7B0E-4D60-AA8D-42BE904493E9}.Debug|Any CPU.Build.0 = Debug|Any CPU
		{C7D18995-7B0E-4D60-AA8D-42BE904493E9}.Release|Any CPU.ActiveCfg = Release|Any CPU
		{C7D18995-7B0E-4D60-AA8D-42BE904493E9}.Release|Any CPU.Build.0 = Release|Any CPU
		{13E0A5C8-6284-4BD0-8B76-6721CA932EDC}.Debug|Any CPU.ActiveCfg = Debug|Any CPU
		{13E0A5C8-6284-4BD0-8B76-6721CA932EDC}.Debug|Any CPU.Build.0 = Debug|Any CPU
		{13E0A5C8-6284-4BD0-8B76-6721CA932EDC}.Release|Any CPU.ActiveCfg = Release|Any CPU
		{13E0A5C8-6284-4BD0-8B76-6721CA932EDC}.Release|Any CPU.Build.0 = Release|Any CPU
	EndGlobalSection
	GlobalSection(SolutionProperties) = preSolution
		HideSolutionNode = FALSE
	EndGlobalSection
	GlobalSection(ExtensibilityGlobals) = postSolution
		SolutionGuid = {C03E8B5A-7F4A-4C17-A48E-DE30FB199DF4}
	EndGlobalSection
EndGlobal
